// !$*UTF8*$!
{
	archiveVersion = 1;
	classes = {
	};
	objectVersion = 50;
	objects = {

/* Begin PBXBuildFile section */
		2DF597022715631600A9DD79 /* AppDelegate.swift in Sources */ = {isa = PBXBuildFile; fileRef = 2DF597012715631600A9DD79 /* AppDelegate.swift */; };
		2DF597042715631600A9DD79 /* SceneDelegate.swift in Sources */ = {isa = PBXBuildFile; fileRef = 2DF597032715631600A9DD79 /* SceneDelegate.swift */; };
		2DF597092715631600A9DD79 /* Main.storyboard in Resources */ = {isa = PBXBuildFile; fileRef = 2DF597072715631600A9DD79 /* Main.storyboard */; };
		2DF5970B2715631800A9DD79 /* Assets.xcassets in Resources */ = {isa = PBXBuildFile; fileRef = 2DF5970A2715631800A9DD79 /* Assets.xcassets */; };
		2DF5970E2715631800A9DD79 /* LaunchScreen.storyboard in Resources */ = {isa = PBXBuildFile; fileRef = 2DF5970C2715631800A9DD79 /* LaunchScreen.storyboard */; };
		2DF59716271569F900A9DD79 /* OrderDrinkPageViewController.swift in Sources */ = {isa = PBXBuildFile; fileRef = 2DF59715271569F900A9DD79 /* OrderDrinkPageViewController.swift */; };
		2DF5971827156BD600A9DD79 /* Drink Struct.swift in Sources */ = {isa = PBXBuildFile; fileRef = 2DF5971727156BD600A9DD79 /* Drink Struct.swift */; };
		2DF5971A271586B700A9DD79 /* Airtable JSON Type.swift in Sources */ = {isa = PBXBuildFile; fileRef = 2DF59719271586B700A9DD79 /* Airtable JSON Type.swift */; };
		2DF5971C27158B6400A9DD79 /* OrderInfoTableViewCell.swift in Sources */ = {isa = PBXBuildFile; fileRef = 2DF5971B27158B6400A9DD79 /* OrderInfoTableViewCell.swift */; };
		2DF5971E27158C4E00A9DD79 /* BackEndTableViewController.swift in Sources */ = {isa = PBXBuildFile; fileRef = 2DF5971D27158C4E00A9DD79 /* BackEndTableViewController.swift */; };
		2DF597232715965F00A9DD79 /* ConfirmOrderViewController.swift in Sources */ = {isa = PBXBuildFile; fileRef = 2DF597222715965F00A9DD79 /* ConfirmOrderViewController.swift */; };
		2DF597272715ED3600A9DD79 /* ShowOrderToConfirmTableViewCell.swift in Sources */ = {isa = PBXBuildFile; fileRef = 2DF597262715ED3600A9DD79 /* ShowOrderToConfirmTableViewCell.swift */; };
		2DF5972A27170B5000A9DD79 /* OrderHistoryTableViewController.swift in Sources */ = {isa = PBXBuildFile; fileRef = 2DF5972927170B5000A9DD79 /* OrderHistoryTableViewController.swift */; };
		2DF5972C27170B7C00A9DD79 /* ShowHistoryTableViewCell.swift in Sources */ = {isa = PBXBuildFile; fileRef = 2DF5972B27170B7C00A9DD79 /* ShowHistoryTableViewCell.swift */; };
/* End PBXBuildFile section */

/* Begin PBXFileReference section */
		2DF596FE2715631600A9DD79 /* Swift Practice # 93 Order Drink Version One.app */ = {isa = PBXFileReference; explicitFileType = wrapper.application; includeInIndex = 0; path = "Swift Practice # 93 Order Drink Version One.app"; sourceTree = BUILT_PRODUCTS_DIR; };
		2DF597012715631600A9DD79 /* AppDelegate.swift */ = {isa = PBXFileReference; lastKnownFileType = sourcecode.swift; path = AppDelegate.swift; sourceTree = "<group>"; };
		2DF597032715631600A9DD79 /* SceneDelegate.swift */ = {isa = PBXFileReference; lastKnownFileType = sourcecode.swift; path = SceneDelegate.swift; sourceTree = "<group>"; };
		2DF597082715631600A9DD79 /* Base */ = {isa = PBXFileReference; lastKnownFileType = file.storyboard; name = Base; path = Base.lproj/Main.storyboard; sourceTree = "<group>"; };
		2DF5970A2715631800A9DD79 /* Assets.xcassets */ = {isa = PBXFileReference; lastKnownFileType = folder.assetcatalog; path = Assets.xcassets; sourceTree = "<group>"; };
		2DF5970D2715631800A9DD79 /* Base */ = {isa = PBXFileReference; lastKnownFileType = file.storyboard; name = Base; path = Base.lproj/LaunchScreen.storyboard; sourceTree = "<group>"; };
		2DF5970F2715631800A9DD79 /* Info.plist */ = {isa = PBXFileReference; lastKnownFileType = text.plist.xml; path = Info.plist; sourceTree = "<group>"; };
		2DF59715271569F900A9DD79 /* OrderDrinkPageViewController.swift */ = {isa = PBXFileReference; lastKnownFileType = sourcecode.swift; path = OrderDrinkPageViewController.swift; sourceTree = "<group>"; };
		2DF5971727156BD600A9DD79 /* Drink Struct.swift */ = {isa = PBXFileReference; lastKnownFileType = sourcecode.swift; path = "Drink Struct.swift"; sourceTree = "<group>"; };
		2DF59719271586B700A9DD79 /* Airtable JSON Type.swift */ = {isa = PBXFileReference; lastKnownFileType = sourcecode.swift; path = "Airtable JSON Type.swift"; sourceTree = "<group>"; };
		2DF5971B27158B6400A9DD79 /* OrderInfoTableViewCell.swift */ = {isa = PBXFileReference; lastKnownFileType = sourcecode.swift; path = OrderInfoTableViewCell.swift; sourceTree = "<group>"; };
		2DF5971D27158C4E00A9DD79 /* BackEndTableViewController.swift */ = {isa = PBXFileReference; lastKnownFileType = sourcecode.swift; path = BackEndTableViewController.swift; sourceTree = "<group>"; };
		2DF597222715965F00A9DD79 /* ConfirmOrderViewController.swift */ = {isa = PBXFileReference; lastKnownFileType = sourcecode.swift; path = ConfirmOrderViewController.swift; sourceTree = "<group>"; };
		2DF597262715ED3600A9DD79 /* ShowOrderToConfirmTableViewCell.swift */ = {isa = PBXFileReference; lastKnownFileType = sourcecode.swift; path = ShowOrderToConfirmTableViewCell.swift; sourceTree = "<group>"; };
		2DF5972927170B5000A9DD79 /* OrderHistoryTableViewController.swift */ = {isa = PBXFileReference; lastKnownFileType = sourcecode.swift; path = OrderHistoryTableViewController.swift; sourceTree = "<group>"; };
		2DF5972B27170B7C00A9DD79 /* ShowHistoryTableViewCell.swift */ = {isa = PBXFileReference; lastKnownFileType = sourcecode.swift; path = ShowHistoryTableViewCell.swift; sourceTree = "<group>"; };
/* End PBXFileReference section */

/* Begin PBXFrameworksBuildPhase section */
		2DF596FB2715631600A9DD79 /* Frameworks */ = {
			isa = PBXFrameworksBuildPhase;
			buildActionMask = 2147483647;
			files = (
			);
			runOnlyForDeploymentPostprocessing = 0;
		};
/* End PBXFrameworksBuildPhase section */

/* Begin PBXGroup section */
		2DF596F52715631600A9DD79 = {
			isa = PBXGroup;
			children = (
				2DF597002715631600A9DD79 /* Swift Practice # 93 Order Drink Version One */,
				2DF596FF2715631600A9DD79 /* Products */,
			);
			sourceTree = "<group>";
		};
		2DF596FF2715631600A9DD79 /* Products */ = {
			isa = PBXGroup;
			children = (
				2DF596FE2715631600A9DD79 /* Swift Practice # 93 Order Drink Version One.app */,
			);
			name = Products;
			sourceTree = "<group>";
		};
		2DF597002715631600A9DD79 /* Swift Practice # 93 Order Drink Version One */ = {
			isa = PBXGroup;
			children = (
				2DF597012715631600A9DD79 /* AppDelegate.swift */,
				2DF597032715631600A9DD79 /* SceneDelegate.swift */,
				2DF597072715631600A9DD79 /* Main.storyboard */,
				2DF5970A2715631800A9DD79 /* Assets.xcassets */,
				2DF5970C2715631800A9DD79 /* LaunchScreen.storyboard */,
				2DF5970F2715631800A9DD79 /* Info.plist */,
				2DF5972127158CDE00A9DD79 /* Struct Type */,
				2DF5972027158C7400A9DD79 /* Ordering */,
				2DF597282717094100A9DD79 /* Self Order History */,
				2DF5971F27158C5300A9DD79 /* BackEnd */,
			);
			path = "Swift Practice # 93 Order Drink Version One";
			sourceTree = "<group>";
		};
		2DF5971F27158C5300A9DD79 /* BackEnd */ = {
			isa = PBXGroup;
			children = (
				2DF5971D27158C4E00A9DD79 /* BackEndTableViewController.swift */,
				2DF5971B27158B6400A9DD79 /* OrderInfoTableViewCell.swift */,
			);
			path = BackEnd;
			sourceTree = "<group>";
		};
		2DF5972027158C7400A9DD79 /* Ordering */ = {
			isa = PBXGroup;
			children = (
				2DF597222715965F00A9DD79 /* ConfirmOrderViewController.swift */,
				2DF59715271569F900A9DD79 /* OrderDrinkPageViewController.swift */,
				2DF597262715ED3600A9DD79 /* ShowOrderToConfirmTableViewCell.swift */,
			);
			path = Ordering;
			sourceTree = "<group>";
		};
		2DF5972127158CDE00A9DD79 /* Struct Type */ = {
			isa = PBXGroup;
			children = (
				2DF59719271586B700A9DD79 /* Airtable JSON Type.swift */,
				2DF5971727156BD600A9DD79 /* Drink Struct.swift */,
			);
			path = "Struct Type";
			sourceTree = "<group>";
		};
		2DF597282717094100A9DD79 /* Self Order History */ = {
			isa = PBXGroup;
			children = (
				2DF5972927170B5000A9DD79 /* OrderHistoryTableViewController.swift */,
				2DF5972B27170B7C00A9DD79 /* ShowHistoryTableViewCell.swift */,
			);
			path = "Self Order History";
			sourceTree = "<group>";
		};
/* End PBXGroup section */

/* Begin PBXNativeTarget section */
		2DF596FD2715631600A9DD79 /* Swift Practice # 93 Order Drink Version One */ = {
			isa = PBXNativeTarget;
			buildConfigurationList = 2DF597122715631800A9DD79 /* Build configuration list for PBXNativeTarget "Swift Practice # 93 Order Drink Version One" */;
			buildPhases = (
				2DF596FA2715631600A9DD79 /* Sources */,
				2DF596FB2715631600A9DD79 /* Frameworks */,
				2DF596FC2715631600A9DD79 /* Resources */,
			);
			buildRules = (
			);
			dependencies = (
			);
			name = "Swift Practice # 93 Order Drink Version One";
			productName = "Swift Practice # 93 Order Drink Version One";
			productReference = 2DF596FE2715631600A9DD79 /* Swift Practice # 93 Order Drink Version One.app */;
			productType = "com.apple.product-type.application";
		};
/* End PBXNativeTarget section */

/* Begin PBXProject section */
		2DF596F62715631600A9DD79 /* Project object */ = {
			isa = PBXProject;
			attributes = {
				LastSwiftUpdateCheck = 1250;
				LastUpgradeCheck = 1250;
				TargetAttributes = {
					2DF596FD2715631600A9DD79 = {
						CreatedOnToolsVersion = 12.5.1;
					};
				};
			};
			buildConfigurationList = 2DF596F92715631600A9DD79 /* Build configuration list for PBXProject "Swift Practice # 93 Order Drink Version One" */;
			compatibilityVersion = "Xcode 9.3";
			developmentRegion = en;
			hasScannedForEncodings = 0;
			knownRegions = (
				en,
				Base,
			);
			mainGroup = 2DF596F52715631600A9DD79;
			productRefGroup = 2DF596FF2715631600A9DD79 /* Products */;
			projectDirPath = "";
			projectRoot = "";
			targets = (
				2DF596FD2715631600A9DD79 /* Swift Practice # 93 Order Drink Version One */,
			);
		};
/* End PBXProject section */

/* Begin PBXResourcesBuildPhase section */
		2DF596FC2715631600A9DD79 /* Resources */ = {
			isa = PBXResourcesBuildPhase;
			buildActionMask = 2147483647;
			files = (
				2DF5970E2715631800A9DD79 /* LaunchScreen.storyboard in Resources */,
				2DF5970B2715631800A9DD79 /* Assets.xcassets in Resources */,
				2DF597092715631600A9DD79 /* Main.storyboard in Resources */,
			);
			runOnlyForDeploymentPostprocessing = 0;
		};
/* End PBXResourcesBuildPhase section */

/* Begin PBXSourcesBuildPhase section */
		2DF596FA2715631600A9DD79 /* Sources */ = {
			isa = PBXSourcesBuildPhase;
			buildActionMask = 2147483647;
			files = (
				2DF597272715ED3600A9DD79 /* ShowOrderToConfirmTableViewCell.swift in Sources */,
				2DF597232715965F00A9DD79 /* ConfirmOrderViewController.swift in Sources */,
				2DF5971C27158B6400A9DD79 /* OrderInfoTableViewCell.swift in Sources */,
				2DF597022715631600A9DD79 /* AppDelegate.swift in Sources */,
				2DF597042715631600A9DD79 /* SceneDelegate.swift in Sources */,
				2DF5972A27170B5000A9DD79 /* OrderHistoryTableViewController.swift in Sources */,
				2DF5971A271586B700A9DD79 /* Airtable JSON Type.swift in Sources */,
				2DF5971827156BD600A9DD79 /* Drink Struct.swift in Sources */,
				2DF5971E27158C4E00A9DD79 /* BackEndTableViewController.swift in Sources */,
				2DF5972C27170B7C00A9DD79 /* ShowHistoryTableViewCell.swift in Sources */,
				2DF59716271569F900A9DD79 /* OrderDrinkPageViewController.swift in Sources */,
			);
			runOnlyForDeploymentPostprocessing = 0;
		};
/* End PBXSourcesBuildPhase section */

/* Begin PBXVariantGroup section */
		2DF597072715631600A9DD79 /* Main.storyboard */ = {
			isa = PBXVariantGroup;
			children = (
				2DF597082715631600A9DD79 /* Base */,
			);
			name = Main.storyboard;
			sourceTree = "<group>";
		};
		2DF5970C2715631800A9DD79 /* LaunchScreen.storyboard */ = {
			isa = PBXVariantGroup;
			children = (
				2DF5970D2715631800A9DD79 /* Base */,
			);
			name = LaunchScreen.storyboard;
			sourceTree = "<group>";
		};
/* End PBXVariantGroup section */

/* Begin XCBuildConfiguration section */
		2DF597102715631800A9DD79 /* Debug */ = {
			isa = XCBuildConfiguration;
			buildSettings = {
				ALWAYS_SEARCH_USER_PATHS = NO;
				CLANG_ANALYZER_NONNULL = YES;
				CLANG_ANALYZER_NUMBER_OBJECT_CONVERSION = YES_AGGRESSIVE;
				CLANG_CXX_LANGUAGE_STANDARD = "gnu++14";
				CLANG_CXX_LIBRARY = "libc++";
				CLANG_ENABLE_MODULES = YES;
				CLANG_ENABLE_OBJC_ARC = YES;
				CLANG_ENABLE_OBJC_WEAK = YES;
				CLANG_WARN_BLOCK_CAPTURE_AUTORELEASING = YES;
				CLANG_WARN_BOOL_CONVERSION = YES;
				CLANG_WARN_COMMA = YES;
				CLANG_WARN_CONSTANT_CONVERSION = YES;
				CLANG_WARN_DEPRECATED_OBJC_IMPLEMENTATIONS = YES;
				CLANG_WARN_DIRECT_OBJC_ISA_USAGE = YES_ERROR;
				CLANG_WARN_DOCUMENTATION_COMMENTS = YES;
				CLANG_WARN_EMPTY_BODY = YES;
				CLANG_WARN_ENUM_CONVERSION = YES;
				CLANG_WARN_INFINITE_RECURSION = YES;
				CLANG_WARN_INT_CONVERSION = YES;
				CLANG_WARN_NON_LITERAL_NULL_CONVERSION = YES;
				CLANG_WARN_OBJC_IMPLICIT_RETAIN_SELF = YES;
				CLANG_WARN_OBJC_LITERAL_CONVERSION = YES;
				CLANG_WARN_OBJC_ROOT_CLASS = YES_ERROR;
				CLANG_WARN_QUOTED_INCLUDE_IN_FRAMEWORK_HEADER = YES;
				CLANG_WARN_RANGE_LOOP_ANALYSIS = YES;
				CLANG_WARN_STRICT_PROTOTYPES = YES;
				CLANG_WARN_SUSPICIOUS_MOVE = YES;
				CLANG_WARN_UNGUARDED_AVAILABILITY = YES_AGGRESSIVE;
				CLANG_WARN_UNREACHABLE_CODE = YES;
				CLANG_WARN__DUPLICATE_METHOD_MATCH = YES;
				COPY_PHASE_STRIP = NO;
				DEBUG_INFORMATION_FORMAT = dwarf;
				ENABLE_STRICT_OBJC_MSGSEND = YES;
				ENABLE_TESTABILITY = YES;
				GCC_C_LANGUAGE_STANDARD = gnu11;
				GCC_DYNAMIC_NO_PIC = NO;
				GCC_NO_COMMON_BLOCKS = YES;
				GCC_OPTIMIZATION_LEVEL = 0;
				GCC_PREPROCESSOR_DEFINITIONS = (
					"DEBUG=1",
					"$(inherited)",
				);
				GCC_WARN_64_TO_32_BIT_CONVERSION = YES;
				GCC_WARN_ABOUT_RETURN_TYPE = YES_ERROR;
				GCC_WARN_UNDECLARED_SELECTOR = YES;
				GCC_WARN_UNINITIALIZED_AUTOS = YES_AGGRESSIVE;
				GCC_WARN_UNUSED_FUNCTION = YES;
				GCC_WARN_UNUSED_VARIABLE = YES;
				IPHONEOS_DEPLOYMENT_TARGET = 14.5;
				MTL_ENABLE_DEBUG_INFO = INCLUDE_SOURCE;
				MTL_FAST_MATH = YES;
				ONLY_ACTIVE_ARCH = YES;
				SDKROOT = iphoneos;
				SWIFT_ACTIVE_COMPILATION_CONDITIONS = DEBUG;
				SWIFT_OPTIMIZATION_LEVEL = "-Onone";
			};
			name = Debug;
		};
		2DF597112715631800A9DD79 /* Release */ = {
			isa = XCBuildConfiguration;
			buildSettings = {
				ALWAYS_SEARCH_USER_PATHS = NO;
				CLANG_ANALYZER_NONNULL = YES;
				CLANG_ANALYZER_NUMBER_OBJECT_CONVERSION = YES_AGGRESSIVE;
				CLANG_CXX_LANGUAGE_STANDARD = "gnu++14";
				CLANG_CXX_LIBRARY = "libc++";
				CLANG_ENABLE_MODULES = YES;
				CLANG_ENABLE_OBJC_ARC = YES;
				CLANG_ENABLE_OBJC_WEAK = YES;
				CLANG_WARN_BLOCK_CAPTURE_AUTORELEASING = YES;
				CLANG_WARN_BOOL_CONVERSION = YES;
				CLANG_WARN_COMMA = YES;
				CLANG_WARN_CONSTANT_CONVERSION = YES;
				CLANG_WARN_DEPRECATED_OBJC_IMPLEMENTATIONS = YES;
				CLANG_WARN_DIRECT_OBJC_ISA_USAGE = YES_ERROR;
				CLANG_WARN_DOCUMENTATION_COMMENTS = YES;
				CLANG_WARN_EMPTY_BODY = YES;
				CLANG_WARN_ENUM_CONVERSION = YES;
				CLANG_WARN_INFINITE_RECURSION = YES;
				CLANG_WARN_INT_CONVERSION = YES;
				CLANG_WARN_NON_LITERAL_NULL_CONVERSION = YES;
				CLANG_WARN_OBJC_IMPLICIT_RETAIN_SELF = YES;
				CLANG_WARN_OBJC_LITERAL_CONVERSION = YES;
				CLANG_WARN_OBJC_ROOT_CLASS = YES_ERROR;
				CLANG_WARN_QUOTED_INCLUDE_IN_FRAMEWORK_HEADER = YES;
				CLANG_WARN_RANGE_LOOP_ANALYSIS = YES;
				CLANG_WARN_STRICT_PROTOTYPES = YES;
				CLANG_WARN_SUSPICIOUS_MOVE = YES;
				CLANG_WARN_UNGUARDED_AVAILABILITY = YES_AGGRESSIVE;
				CLANG_WARN_UNREACHABLE_CODE = YES;
				CLANG_WARN__DUPLICATE_METHOD_MATCH = YES;
				COPY_PHASE_STRIP = NO;
				DEBUG_INFORMATION_FORMAT = "dwarf-with-dsym";
				ENABLE_NS_ASSERTIONS = NO;
				ENABLE_STRICT_OBJC_MSGSEND = YES;
				GCC_C_LANGUAGE_STANDARD = gnu11;
				GCC_NO_COMMON_BLOCKS = YES;
				GCC_WARN_64_TO_32_BIT_CONVERSION = YES;
				GCC_WARN_ABOUT_RETURN_TYPE = YES_ERROR;
				GCC_WARN_UNDECLARED_SELECTOR = YES;
				GCC_WARN_UNINITIALIZED_AUTOS = YES_AGGRESSIVE;
				GCC_WARN_UNUSED_FUNCTION = YES;
				GCC_WARN_UNUSED_VARIABLE = YES;
				IPHONEOS_DEPLOYMENT_TARGET = 14.5;
				MTL_ENABLE_DEBUG_INFO = NO;
				MTL_FAST_MATH = YES;
				SDKROOT = iphoneos;
				SWIFT_COMPILATION_MODE = wholemodule;
				SWIFT_OPTIMIZATION_LEVEL = "-O";
				VALIDATE_PRODUCT = YES;
			};
			name = Release;
		};
		2DF597132715631800A9DD79 /* Debug */ = {
			isa = XCBuildConfiguration;
			buildSettings = {
				ASSETCATALOG_COMPILER_APPICON_NAME = AppIcon;
				ASSETCATALOG_COMPILER_GLOBAL_ACCENT_COLOR_NAME = AccentColor;
				CODE_SIGN_STYLE = Automatic;
				DEVELOPMENT_TEAM = 4R6R23ZPJ5;
				INFOPLIST_FILE = "Swift Practice # 93 Order Drink Version One/Info.plist";
				LD_RUNPATH_SEARCH_PATHS = (
					"$(inherited)",
					"@executable_path/Frameworks",
				);
				PRODUCT_BUNDLE_IDENTIFIER = "Dogpa.Swift-Practice---93-Order-Drink-Version-One";
				PRODUCT_NAME = "$(TARGET_NAME)";
				SWIFT_VERSION = 5.0;
				TARGETED_DEVICE_FAMILY = "1,2";
			};
			name = Debug;
		};
		2DF597142715631800A9DD79 /* Release */ = {
			isa = XCBuildConfiguration;
			buildSettings = {
				ASSETCATALOG_COMPILER_APPICON_NAME = AppIcon;
				ASSETCATALOG_COMPILER_GLOBAL_ACCENT_COLOR_NAME = AccentColor;
				CODE_SIGN_STYLE = Automatic;
				DEVELOPMENT_TEAM = 4R6R23ZPJ5;
				INFOPLIST_FILE = "Swift Practice # 93 Order Drink Version One/Info.plist";
				LD_RUNPATH_SEARCH_PATHS = (
					"$(inherited)",
					"@executable_path/Frameworks",
				);
				PRODUCT_BUNDLE_IDENTIFIER = "Dogpa.Swift-Practice---93-Order-Drink-Version-One";
				PRODUCT_NAME = "$(TARGET_NAME)";
				SWIFT_VERSION = 5.0;
				TARGETED_DEVICE_FAMILY = "1,2";
			};
			name = Release;
		};
/* End XCBuildConfiguration section */

/* Begin XCConfigurationList section */
		2DF596F92715631600A9DD79 /* Build configuration list for PBXProject "Swift Practice # 93 Order Drink Version One" */ = {
			isa = XCConfigurationList;
			buildConfigurations = (
				2DF597102715631800A9DD79 /* Debug */,
				2DF597112715631800A9DD79 /* Release */,
			);
			defaultConfigurationIsVisible = 0;
			defaultConfigurationName = Release;
		};
		2DF597122715631800A9DD79 /* Build configuration list for PBXNativeTarget "Swift Practice # 93 Order Drink Version One" */ = {
			isa = XCConfigurationList;
			buildConfigurations = (
				2DF597132715631800A9DD79 /* Debug */,
				2DF597142715631800A9DD79 /* Release */,
			);
			defaultConfigurationIsVisible = 0;
			defaultConfigurationName = Release;
		};
/* End XCConfigurationList section */
	};
	rootObject = 2DF596F62715631600A9DD79 /* Project object */;
}
